
Microsoft Visual Studio Solution File, Format Version 12.00
# Visual Studio Version 17
VisualStudioVersion = 17.9.34902.65
MinimumVisualStudioVersion = 10.0.40219.1
Project("{FAE04EC0-301F-11D3-BF4B-00C04F79EFBC}") = "Startcs", "Startcs\Startcs.csproj", "{7F84D214-E40A-4132-A55C-01F29E20D037}"
EndProject
Global
	GlobalSection(SolutionConfigurationPlatforms) = preSolution
		Debug|Any CPU = Debug|Any CPU
		Release|Any CPU = Release|Any CPU
	EndGlobalSection
	GlobalSection(ProjectConfigurationPlatforms) = postSolution
		{7F84D214-E40A-4132-A55C-01F29E20D037}.Debug|Any CPU.ActiveCfg = Debug|Any CPU
		{7F84D214-E40A-4132-A55C-01F29E20D037}.Debug|Any CPU.Build.0 = Debug|Any CPU
		{7F84D214-E40A-4132-A55C-01F29E20D037}.Release|Any CPU.ActiveCfg = Release|Any CPU
		{7F84D214-E40A-4132-A55C-01F29E20D037}.Release|Any CPU.Build.0 = Release|Any CPU
	EndGlobalSection
	GlobalSection(SolutionProperties) = preSolution
		HideSolutionNode = FALSE
	EndGlobalSection
	GlobalSection(ExtensibilityGlobals) = postSolution
		SolutionGuid = {AD2B9DF3-3A4E-443A-8E51-992A87CE704F}
	EndGlobalSection
EndGlobal
